// !$*UTF8*$!
{
	archiveVersion = 1;
	classes = {
	};
	objectVersion = 50;
	objects = {

/* Begin PBXBuildFile section */
		0F0F84F72212CB670068C81B /* CellData.swift in Sources */ = {isa = PBXBuildFile; fileRef = 0F0F84F62212CB670068C81B /* CellData.swift */; };
		0F0F84F92212F03A0068C81B /* StartWorkoutViewController.swift in Sources */ = {isa = PBXBuildFile; fileRef = 0F0F84F82212F03A0068C81B /* StartWorkoutViewController.swift */; };
		0F442B2B21F0BBFF003A2A5A /* AppDelegate.swift in Sources */ = {isa = PBXBuildFile; fileRef = 0F442B2A21F0BBFF003A2A5A /* AppDelegate.swift */; };
		0F442B2D21F0BBFF003A2A5A /* ViewController.swift in Sources */ = {isa = PBXBuildFile; fileRef = 0F442B2C21F0BBFF003A2A5A /* ViewController.swift */; };
		0F442B3021F0BBFF003A2A5A /* Main.storyboard in Resources */ = {isa = PBXBuildFile; fileRef = 0F442B2E21F0BBFF003A2A5A /* Main.storyboard */; };
		0F442B3221F0BC00003A2A5A /* Assets.xcassets in Resources */ = {isa = PBXBuildFile; fileRef = 0F442B3121F0BC00003A2A5A /* Assets.xcassets */; };
		0F442B3521F0BC00003A2A5A /* LaunchScreen.storyboard in Resources */ = {isa = PBXBuildFile; fileRef = 0F442B3321F0BC00003A2A5A /* LaunchScreen.storyboard */; };
		0F442B4021F0BC00003A2A5A /* AppTest2Tests.swift in Sources */ = {isa = PBXBuildFile; fileRef = 0F442B3F21F0BC00003A2A5A /* AppTest2Tests.swift */; };
		0F442B4B21F0BC00003A2A5A /* AppTest2UITests.swift in Sources */ = {isa = PBXBuildFile; fileRef = 0F442B4A21F0BC00003A2A5A /* AppTest2UITests.swift */; };
		0F72CF1D21F48610008DDFE8 /* PplButton.swift in Sources */ = {isa = PBXBuildFile; fileRef = 0F72CF1C21F48610008DDFE8 /* PplButton.swift */; };
		0F72CF1F21F490FB008DDFE8 /* MenuController.swift in Sources */ = {isa = PBXBuildFile; fileRef = 0F72CF1E21F490FB008DDFE8 /* MenuController.swift */; };
		0F9A8127221578ED0028929D /* StartWorkoutCell.swift in Sources */ = {isa = PBXBuildFile; fileRef = 0F9A8126221578ED0028929D /* StartWorkoutCell.swift */; };
		0FA1B2BB21FB4DA300ED7988 /* TableViewCell.swift in Sources */ = {isa = PBXBuildFile; fileRef = 0FA1B2BA21FB4DA300ED7988 /* TableViewCell.swift */; };
		0FA1B2BD21FB4F0200ED7988 /* DataInfo.swift in Sources */ = {isa = PBXBuildFile; fileRef = 0FA1B2BC21FB4F0200ED7988 /* DataInfo.swift */; };
		0FAD26C2221C171800578856 /* WebBrowserViewController.swift in Sources */ = {isa = PBXBuildFile; fileRef = 0FAD26C1221C171800578856 /* WebBrowserViewController.swift */; };
		0FDC880D220949CA00F17E99 /* WorkoutViewController.swift in Sources */ = {isa = PBXBuildFile; fileRef = 0FDC880C220949CA00F17E99 /* WorkoutViewController.swift */; };
		0FDC880F2209BD2D00F17E99 /* WorkoutInfo.swift in Sources */ = {isa = PBXBuildFile; fileRef = 0FDC880E2209BD2D00F17E99 /* WorkoutInfo.swift */; };
/* End PBXBuildFile section */

/* Begin PBXContainerItemProxy section */
		0F442B3C21F0BC00003A2A5A /* PBXContainerItemProxy */ = {
			isa = PBXContainerItemProxy;
			containerPortal = 0F442B1F21F0BBFF003A2A5A /* Project object */;
			proxyType = 1;
			remoteGlobalIDString = 0F442B2621F0BBFF003A2A5A;
			remoteInfo = AppTest2;
		};
		0F442B4721F0BC00003A2A5A /* PBXContainerItemProxy */ = {
			isa = PBXContainerItemProxy;
			containerPortal = 0F442B1F21F0BBFF003A2A5A /* Project object */;
			proxyType = 1;
			remoteGlobalIDString = 0F442B2621F0BBFF003A2A5A;
			remoteInfo = AppTest2;
		};
/* End PBXContainerItemProxy section */

/* Begin PBXFileReference section */
		0F0F84F62212CB670068C81B /* CellData.swift */ = {isa = PBXFileReference; lastKnownFileType = sourcecode.swift; path = CellData.swift; sourceTree = "<group>"; };
		0F0F84F82212F03A0068C81B /* StartWorkoutViewController.swift */ = {isa = PBXFileReference; lastKnownFileType = sourcecode.swift; path = StartWorkoutViewController.swift; sourceTree = "<group>"; };
		0F442B2721F0BBFF003A2A5A /* AppTest2.app */ = {isa = PBXFileReference; explicitFileType = wrapper.application; includeInIndex = 0; path = AppTest2.app; sourceTree = BUILT_PRODUCTS_DIR; };
		0F442B2A21F0BBFF003A2A5A /* AppDelegate.swift */ = {isa = PBXFileReference; lastKnownFileType = sourcecode.swift; path = AppDelegate.swift; sourceTree = "<group>"; };
		0F442B2C21F0BBFF003A2A5A /* ViewController.swift */ = {isa = PBXFileReference; lastKnownFileType = sourcecode.swift; path = ViewController.swift; sourceTree = "<group>"; };
		0F442B2F21F0BBFF003A2A5A /* Base */ = {isa = PBXFileReference; lastKnownFileType = file.storyboard; name = Base; path = Base.lproj/Main.storyboard; sourceTree = "<group>"; };
		0F442B3121F0BC00003A2A5A /* Assets.xcassets */ = {isa = PBXFileReference; lastKnownFileType = folder.assetcatalog; path = Assets.xcassets; sourceTree = "<group>"; };
		0F442B3421F0BC00003A2A5A /* Base */ = {isa = PBXFileReference; lastKnownFileType = file.storyboard; name = Base; path = Base.lproj/LaunchScreen.storyboard; sourceTree = "<group>"; };
		0F442B3621F0BC00003A2A5A /* Info.plist */ = {isa = PBXFileReference; lastKnownFileType = text.plist.xml; path = Info.plist; sourceTree = "<group>"; };
		0F442B3B21F0BC00003A2A5A /* AppTest2Tests.xctest */ = {isa = PBXFileReference; explicitFileType = wrapper.cfbundle; includeInIndex = 0; path = AppTest2Tests.xctest; sourceTree = BUILT_PRODUCTS_DIR; };
		0F442B3F21F0BC00003A2A5A /* AppTest2Tests.swift */ = {isa = PBXFileReference; lastKnownFileType = sourcecode.swift; path = AppTest2Tests.swift; sourceTree = "<group>"; };
		0F442B4121F0BC00003A2A5A /* Info.plist */ = {isa = PBXFileReference; lastKnownFileType = text.plist.xml; path = Info.plist; sourceTree = "<group>"; };
		0F442B4621F0BC00003A2A5A /* AppTest2UITests.xctest */ = {isa = PBXFileReference; explicitFileType = wrapper.cfbundle; includeInIndex = 0; path = AppTest2UITests.xctest; sourceTree = BUILT_PRODUCTS_DIR; };
		0F442B4A21F0BC00003A2A5A /* AppTest2UITests.swift */ = {isa = PBXFileReference; lastKnownFileType = sourcecode.swift; path = AppTest2UITests.swift; sourceTree = "<group>"; };
		0F442B4C21F0BC00003A2A5A /* Info.plist */ = {isa = PBXFileReference; lastKnownFileType = text.plist.xml; path = Info.plist; sourceTree = "<group>"; };
		0F72CF1C21F48610008DDFE8 /* PplButton.swift */ = {isa = PBXFileReference; lastKnownFileType = sourcecode.swift; path = PplButton.swift; sourceTree = "<group>"; };
		0F72CF1E21F490FB008DDFE8 /* MenuController.swift */ = {isa = PBXFileReference; lastKnownFileType = sourcecode.swift; path = MenuController.swift; sourceTree = "<group>"; };
		0F9A8126221578ED0028929D /* StartWorkoutCell.swift */ = {isa = PBXFileReference; lastKnownFileType = sourcecode.swift; path = StartWorkoutCell.swift; sourceTree = "<group>"; };
		0FA1B2BA21FB4DA300ED7988 /* TableViewCell.swift */ = {isa = PBXFileReference; lastKnownFileType = sourcecode.swift; path = TableViewCell.swift; sourceTree = "<group>"; };
		0FA1B2BC21FB4F0200ED7988 /* DataInfo.swift */ = {isa = PBXFileReference; lastKnownFileType = sourcecode.swift; path = DataInfo.swift; sourceTree = "<group>"; };
		0FAD26C1221C171800578856 /* WebBrowserViewController.swift */ = {isa = PBXFileReference; lastKnownFileType = sourcecode.swift; path = WebBrowserViewController.swift; sourceTree = "<group>"; };
		0FDC880C220949CA00F17E99 /* WorkoutViewController.swift */ = {isa = PBXFileReference; lastKnownFileType = sourcecode.swift; path = WorkoutViewController.swift; sourceTree = "<group>"; };
		0FDC880E2209BD2D00F17E99 /* WorkoutInfo.swift */ = {isa = PBXFileReference; lastKnownFileType = sourcecode.swift; path = WorkoutInfo.swift; sourceTree = "<group>"; };
/* End PBXFileReference section */

/* Begin PBXFrameworksBuildPhase section */
		0F442B2421F0BBFF003A2A5A /* Frameworks */ = {
			isa = PBXFrameworksBuildPhase;
			buildActionMask = 2147483647;
			files = (
			);
			runOnlyForDeploymentPostprocessing = 0;
		};
		0F442B3821F0BC00003A2A5A /* Frameworks */ = {
			isa = PBXFrameworksBuildPhase;
			buildActionMask = 2147483647;
			files = (
			);
			runOnlyForDeploymentPostprocessing = 0;
		};
		0F442B4321F0BC00003A2A5A /* Frameworks */ = {
			isa = PBXFrameworksBuildPhase;
			buildActionMask = 2147483647;
			files = (
			);
			runOnlyForDeploymentPostprocessing = 0;
		};
/* End PBXFrameworksBuildPhase section */

/* Begin PBXGroup section */
		0F442B1E21F0BBFF003A2A5A = {
			isa = PBXGroup;
			children = (
				0F442B2921F0BBFF003A2A5A /* AppTest2 */,
				0F442B3E21F0BC00003A2A5A /* AppTest2Tests */,
				0F442B4921F0BC00003A2A5A /* AppTest2UITests */,
				0F442B2821F0BBFF003A2A5A /* Products */,
			);
			sourceTree = "<group>";
		};
		0F442B2821F0BBFF003A2A5A /* Products */ = {
			isa = PBXGroup;
			children = (
				0F442B2721F0BBFF003A2A5A /* AppTest2.app */,
				0F442B3B21F0BC00003A2A5A /* AppTest2Tests.xctest */,
				0F442B4621F0BC00003A2A5A /* AppTest2UITests.xctest */,
			);
			name = Products;
			sourceTree = "<group>";
		};
		0F442B2921F0BBFF003A2A5A /* AppTest2 */ = {
			isa = PBXGroup;
			children = (
				0F442B3121F0BC00003A2A5A /* Assets.xcassets */,
				0F442B3321F0BC00003A2A5A /* LaunchScreen.storyboard */,
				0F442B2E21F0BBFF003A2A5A /* Main.storyboard */,
				0F442B2C21F0BBFF003A2A5A /* ViewController.swift */,
				0F72CF1E21F490FB008DDFE8 /* MenuController.swift */,
				0FDC880C220949CA00F17E99 /* WorkoutViewController.swift */,
				0F0F84F82212F03A0068C81B /* StartWorkoutViewController.swift */,
				0FAD26C1221C171800578856 /* WebBrowserViewController.swift */,
				0F9A8126221578ED0028929D /* StartWorkoutCell.swift */,
				0FA1B2BA21FB4DA300ED7988 /* TableViewCell.swift */,
				0FA1B2BC21FB4F0200ED7988 /* DataInfo.swift */,
				0FDC880E2209BD2D00F17E99 /* WorkoutInfo.swift */,
				0F0F84F62212CB670068C81B /* CellData.swift */,
				0F72CF1C21F48610008DDFE8 /* PplButton.swift */,
				0F442B3621F0BC00003A2A5A /* Info.plist */,
				0F442B2A21F0BBFF003A2A5A /* AppDelegate.swift */,
			);
			path = AppTest2;
			sourceTree = "<group>";
		};
		0F442B3E21F0BC00003A2A5A /* AppTest2Tests */ = {
			isa = PBXGroup;
			children = (
				0F442B3F21F0BC00003A2A5A /* AppTest2Tests.swift */,
				0F442B4121F0BC00003A2A5A /* Info.plist */,
			);
			path = AppTest2Tests;
			sourceTree = "<group>";
		};
		0F442B4921F0BC00003A2A5A /* AppTest2UITests */ = {
			isa = PBXGroup;
			children = (
				0F442B4A21F0BC00003A2A5A /* AppTest2UITests.swift */,
				0F442B4C21F0BC00003A2A5A /* Info.plist */,
			);
			path = AppTest2UITests;
			sourceTree = "<group>";
		};
/* End PBXGroup section */

/* Begin PBXNativeTarget section */
		0F442B2621F0BBFF003A2A5A /* AppTest2 */ = {
			isa = PBXNativeTarget;
			buildConfigurationList = 0F442B4F21F0BC00003A2A5A /* Build configuration list for PBXNativeTarget "AppTest2" */;
			buildPhases = (
				0F442B2321F0BBFF003A2A5A /* Sources */,
				0F442B2421F0BBFF003A2A5A /* Frameworks */,
				0F442B2521F0BBFF003A2A5A /* Resources */,
			);
			buildRules = (
			);
			dependencies = (
			);
			name = AppTest2;
			productName = AppTest2;
			productReference = 0F442B2721F0BBFF003A2A5A /* AppTest2.app */;
			productType = "com.apple.product-type.application";
		};
		0F442B3A21F0BC00003A2A5A /* AppTest2Tests */ = {
			isa = PBXNativeTarget;
			buildConfigurationList = 0F442B5221F0BC00003A2A5A /* Build configuration list for PBXNativeTarget "AppTest2Tests" */;
			buildPhases = (
				0F442B3721F0BC00003A2A5A /* Sources */,
				0F442B3821F0BC00003A2A5A /* Frameworks */,
				0F442B3921F0BC00003A2A5A /* Resources */,
			);
			buildRules = (
			);
			dependencies = (
				0F442B3D21F0BC00003A2A5A /* PBXTargetDependency */,
			);
			name = AppTest2Tests;
			productName = AppTest2Tests;
			productReference = 0F442B3B21F0BC00003A2A5A /* AppTest2Tests.xctest */;
			productType = "com.apple.product-type.bundle.unit-test";
		};
		0F442B4521F0BC00003A2A5A /* AppTest2UITests */ = {
			isa = PBXNativeTarget;
			buildConfigurationList = 0F442B5521F0BC00003A2A5A /* Build configuration list for PBXNativeTarget "AppTest2UITests" */;
			buildPhases = (
				0F442B4221F0BC00003A2A5A /* Sources */,
				0F442B4321F0BC00003A2A5A /* Frameworks */,
				0F442B4421F0BC00003A2A5A /* Resources */,
			);
			buildRules = (
			);
			dependencies = (
				0F442B4821F0BC00003A2A5A /* PBXTargetDependency */,
			);
			name = AppTest2UITests;
			productName = AppTest2UITests;
			productReference = 0F442B4621F0BC00003A2A5A /* AppTest2UITests.xctest */;
			productType = "com.apple.product-type.bundle.ui-testing";
		};
/* End PBXNativeTarget section */

/* Begin PBXProject section */
		0F442B1F21F0BBFF003A2A5A /* Project object */ = {
			isa = PBXProject;
			attributes = {
				LastSwiftUpdateCheck = 1010;
				LastUpgradeCheck = 1010;
				ORGANIZATIONNAME = "Luan Nguyen";
				TargetAttributes = {
					0F442B2621F0BBFF003A2A5A = {
						CreatedOnToolsVersion = 10.1;
					};
					0F442B3A21F0BC00003A2A5A = {
						CreatedOnToolsVersion = 10.1;
						TestTargetID = 0F442B2621F0BBFF003A2A5A;
					};
					0F442B4521F0BC00003A2A5A = {
						CreatedOnToolsVersion = 10.1;
						TestTargetID = 0F442B2621F0BBFF003A2A5A;
					};
				};
			};
			buildConfigurationList = 0F442B2221F0BBFF003A2A5A /* Build configuration list for PBXProject "AppTest2" */;
			compatibilityVersion = "Xcode 9.3";
			developmentRegion = en;
			hasScannedForEncodings = 0;
			knownRegions = (
				en,
				Base,
			);
			mainGroup = 0F442B1E21F0BBFF003A2A5A;
			productRefGroup = 0F442B2821F0BBFF003A2A5A /* Products */;
			projectDirPath = "";
			projectRoot = "";
			targets = (
				0F442B2621F0BBFF003A2A5A /* AppTest2 */,
				0F442B3A21F0BC00003A2A5A /* AppTest2Tests */,
				0F442B4521F0BC00003A2A5A /* AppTest2UITests */,
			);
		};
/* End PBXProject section */

/* Begin PBXResourcesBuildPhase section */
		0F442B2521F0BBFF003A2A5A /* Resources */ = {
			isa = PBXResourcesBuildPhase;
			buildActionMask = 2147483647;
			files = (
				0F442B3521F0BC00003A2A5A /* LaunchScreen.storyboard in Resources */,
				0F442B3221F0BC00003A2A5A /* Assets.xcassets in Resources */,
				0F442B3021F0BBFF003A2A5A /* Main.storyboard in Resources */,
			);
			runOnlyForDeploymentPostprocessing = 0;
		};
		0F442B3921F0BC00003A2A5A /* Resources */ = {
			isa = PBXResourcesBuildPhase;
			buildActionMask = 2147483647;
			files = (
			);
			runOnlyForDeploymentPostprocessing = 0;
		};
		0F442B4421F0BC00003A2A5A /* Resources */ = {
			isa = PBXResourcesBuildPhase;
			buildActionMask = 2147483647;
			files = (
			);
			runOnlyForDeploymentPostprocessing = 0;
		};
/* End PBXResourcesBuildPhase section */

/* Begin PBXSourcesBuildPhase section */
		0F442B2321F0BBFF003A2A5A /* Sources */ = {
			isa = PBXSourcesBuildPhase;
			buildActionMask = 2147483647;
			files = (
				0FA1B2BB21FB4DA300ED7988 /* TableViewCell.swift in Sources */,
				0FA1B2BD21FB4F0200ED7988 /* DataInfo.swift in Sources */,
				0FAD26C2221C171800578856 /* WebBrowserViewController.swift in Sources */,
				0FDC880D220949CA00F17E99 /* WorkoutViewController.swift in Sources */,
				0F0F84F72212CB670068C81B /* CellData.swift in Sources */,
				0FDC880F2209BD2D00F17E99 /* WorkoutInfo.swift in Sources */,
				0F0F84F92212F03A0068C81B /* StartWorkoutViewController.swift in Sources */,
				0F72CF1F21F490FB008DDFE8 /* MenuController.swift in Sources */,
				0F72CF1D21F48610008DDFE8 /* PplButton.swift in Sources */,
				0F442B2D21F0BBFF003A2A5A /* ViewController.swift in Sources */,
				0F9A8127221578ED0028929D /* StartWorkoutCell.swift in Sources */,
				0F442B2B21F0BBFF003A2A5A /* AppDelegate.swift in Sources */,
			);
			runOnlyForDeploymentPostprocessing = 0;
		};
		0F442B3721F0BC00003A2A5A /* Sources */ = {
			isa = PBXSourcesBuildPhase;
			buildActionMask = 2147483647;
			files = (
				0F442B4021F0BC00003A2A5A /* AppTest2Tests.swift in Sources */,
			);
			runOnlyForDeploymentPostprocessing = 0;
		};
		0F442B4221F0BC00003A2A5A /* Sources */ = {
			isa = PBXSourcesBuildPhase;
			buildActionMask = 2147483647;
			files = (
				0F442B4B21F0BC00003A2A5A /* AppTest2UITests.swift in Sources */,
			);
			runOnlyForDeploymentPostprocessing = 0;
		};
/* End PBXSourcesBuildPhase section */

/* Begin PBXTargetDependency section */
		0F442B3D21F0BC00003A2A5A /* PBXTargetDependency */ = {
			isa = PBXTargetDependency;
			target = 0F442B2621F0BBFF003A2A5A /* AppTest2 */;
			targetProxy = 0F442B3C21F0BC00003A2A5A /* PBXContainerItemProxy */;
		};
		0F442B4821F0BC00003A2A5A /* PBXTargetDependency */ = {
			isa = PBXTargetDependency;
			target = 0F442B2621F0BBFF003A2A5A /* AppTest2 */;
			targetProxy = 0F442B4721F0BC00003A2A5A /* PBXContainerItemProxy */;
		};
/* End PBXTargetDependency section */

/* Begin PBXVariantGroup section */
		0F442B2E21F0BBFF003A2A5A /* Main.storyboard */ = {
			isa = PBXVariantGroup;
			children = (
				0F442B2F21F0BBFF003A2A5A /* Base */,
			);
			name = Main.storyboard;
			sourceTree = "<group>";
		};
		0F442B3321F0BC00003A2A5A /* LaunchScreen.storyboard */ = {
			isa = PBXVariantGroup;
			children = (
				0F442B3421F0BC00003A2A5A /* Base */,
			);
			name = LaunchScreen.storyboard;
			sourceTree = "<group>";
		};
/* End PBXVariantGroup section */

/* Begin XCBuildConfiguration section */
		0F442B4D21F0BC00003A2A5A /* Debug */ = {
			isa = XCBuildConfiguration;
			buildSettings = {
				ALWAYS_SEARCH_USER_PATHS = NO;
				CLANG_ANALYZER_NONNULL = YES;
				CLANG_ANALYZER_NUMBER_OBJECT_CONVERSION = YES_AGGRESSIVE;
				CLANG_CXX_LANGUAGE_STANDARD = "gnu++14";
				CLANG_CXX_LIBRARY = "libc++";
				CLANG_ENABLE_MODULES = YES;
				CLANG_ENABLE_OBJC_ARC = YES;
				CLANG_ENABLE_OBJC_WEAK = YES;
				CLANG_WARN_BLOCK_CAPTURE_AUTORELEASING = YES;
				CLANG_WARN_BOOL_CONVERSION = YES;
				CLANG_WARN_COMMA = YES;
				CLANG_WARN_CONSTANT_CONVERSION = YES;
				CLANG_WARN_DEPRECATED_OBJC_IMPLEMENTATIONS = YES;
				CLANG_WARN_DIRECT_OBJC_ISA_USAGE = YES_ERROR;
				CLANG_WARN_DOCUMENTATION_COMMENTS = YES;
				CLANG_WARN_EMPTY_BODY = YES;
				CLANG_WARN_ENUM_CONVERSION = YES;
				CLANG_WARN_INFINITE_RECURSION = YES;
				CLANG_WARN_INT_CONVERSION = YES;
				CLANG_WARN_NON_LITERAL_NULL_CONVERSION = YES;
				CLANG_WARN_OBJC_IMPLICIT_RETAIN_SELF = YES;
				CLANG_WARN_OBJC_LITERAL_CONVERSION = YES;
				CLANG_WARN_OBJC_ROOT_CLASS = YES_ERROR;
				CLANG_WARN_RANGE_LOOP_ANALYSIS = YES;
				CLANG_WARN_STRICT_PROTOTYPES = YES;
				CLANG_WARN_SUSPICIOUS_MOVE = YES;
				CLANG_WARN_UNGUARDED_AVAILABILITY = YES_AGGRESSIVE;
				CLANG_WARN_UNREACHABLE_CODE = YES;
				CLANG_WARN__DUPLICATE_METHOD_MATCH = YES;
				CODE_SIGN_IDENTITY = "iPhone Developer";
				COPY_PHASE_STRIP = NO;
				DEBUG_INFORMATION_FORMAT = dwarf;
				ENABLE_STRICT_OBJC_MSGSEND = YES;
				ENABLE_TESTABILITY = YES;
				GCC_C_LANGUAGE_STANDARD = gnu11;
				GCC_DYNAMIC_NO_PIC = NO;
				GCC_NO_COMMON_BLOCKS = YES;
				GCC_OPTIMIZATION_LEVEL = 0;
				GCC_PREPROCESSOR_DEFINITIONS = (
					"DEBUG=1",
					"$(inherited)",
				);
				GCC_WARN_64_TO_32_BIT_CONVERSION = YES;
				GCC_WARN_ABOUT_RETURN_TYPE = YES_ERROR;
				GCC_WARN_UNDECLARED_SELECTOR = YES;
				GCC_WARN_UNINITIALIZED_AUTOS = YES_AGGRESSIVE;
				GCC_WARN_UNUSED_FUNCTION = YES;
				GCC_WARN_UNUSED_VARIABLE = YES;
				IPHONEOS_DEPLOYMENT_TARGET = 12.1;
				MTL_ENABLE_DEBUG_INFO = INCLUDE_SOURCE;
				MTL_FAST_MATH = YES;
				ONLY_ACTIVE_ARCH = YES;
				SDKROOT = iphoneos;
				SWIFT_ACTIVE_COMPILATION_CONDITIONS = DEBUG;
				SWIFT_OPTIMIZATION_LEVEL = "-Onone";
			};
			name = Debug;
		};
		0F442B4E21F0BC00003A2A5A /* Release */ = {
			isa = XCBuildConfiguration;
			buildSettings = {
				ALWAYS_SEARCH_USER_PATHS = NO;
				CLANG_ANALYZER_NONNULL = YES;
				CLANG_ANALYZER_NUMBER_OBJECT_CONVERSION = YES_AGGRESSIVE;
				CLANG_CXX_LANGUAGE_STANDARD = "gnu++14";
				CLANG_CXX_LIBRARY = "libc++";
				CLANG_ENABLE_MODULES = YES;
				CLANG_ENABLE_OBJC_ARC = YES;
				CLANG_ENABLE_OBJC_WEAK = YES;
				CLANG_WARN_BLOCK_CAPTURE_AUTORELEASING = YES;
				CLANG_WARN_BOOL_CONVERSION = YES;
				CLANG_WARN_COMMA = YES;
				CLANG_WARN_CONSTANT_CONVERSION = YES;
				CLANG_WARN_DEPRECATED_OBJC_IMPLEMENTATIONS = YES;
				CLANG_WARN_DIRECT_OBJC_ISA_USAGE = YES_ERROR;
				CLANG_WARN_DOCUMENTATION_COMMENTS = YES;
				CLANG_WARN_EMPTY_BODY = YES;
				CLANG_WARN_ENUM_CONVERSION = YES;
				CLANG_WARN_INFINITE_RECURSION = YES;
				CLANG_WARN_INT_CONVERSION = YES;
				CLANG_WARN_NON_LITERAL_NULL_CONVERSION = YES;
				CLANG_WARN_OBJC_IMPLICIT_RETAIN_SELF = YES;
				CLANG_WARN_OBJC_LITERAL_CONVERSION = YES;
				CLANG_WARN_OBJC_ROOT_CLASS = YES_ERROR;
				CLANG_WARN_RANGE_LOOP_ANALYSIS = YES;
				CLANG_WARN_STRICT_PROTOTYPES = YES;
				CLANG_WARN_SUSPICIOUS_MOVE = YES;
				CLANG_WARN_UNGUARDED_AVAILABILITY = YES_AGGRESSIVE;
				CLANG_WARN_UNREACHABLE_CODE = YES;
				CLANG_WARN__DUPLICATE_METHOD_MATCH = YES;
				CODE_SIGN_IDENTITY = "iPhone Developer";
				COPY_PHASE_STRIP = NO;
				DEBUG_INFORMATION_FORMAT = "dwarf-with-dsym";
				ENABLE_NS_ASSERTIONS = NO;
				ENABLE_STRICT_OBJC_MSGSEND = YES;
				GCC_C_LANGUAGE_STANDARD = gnu11;
				GCC_NO_COMMON_BLOCKS = YES;
				GCC_WARN_64_TO_32_BIT_CONVERSION = YES;
				GCC_WARN_ABOUT_RETURN_TYPE = YES_ERROR;
				GCC_WARN_UNDECLARED_SELECTOR = YES;
				GCC_WARN_UNINITIALIZED_AUTOS = YES_AGGRESSIVE;
				GCC_WARN_UNUSED_FUNCTION = YES;
				GCC_WARN_UNUSED_VARIABLE = YES;
				IPHONEOS_DEPLOYMENT_TARGET = 12.1;
				MTL_ENABLE_DEBUG_INFO = NO;
				MTL_FAST_MATH = YES;
				SDKROOT = iphoneos;
				SWIFT_COMPILATION_MODE = wholemodule;
				SWIFT_OPTIMIZATION_LEVEL = "-O";
				VALIDATE_PRODUCT = YES;
			};
			name = Release;
		};
		0F442B5021F0BC00003A2A5A /* Debug */ = {
			isa = XCBuildConfiguration;
			buildSettings = {
				ASSETCATALOG_COMPILER_APPICON_NAME = AppIcon;
				CODE_SIGN_STYLE = Automatic;
				DEVELOPMENT_TEAM = WT2HG38F5V;
				INFOPLIST_FILE = AppTest2/Info.plist;
				LD_RUNPATH_SEARCH_PATHS = (
					"$(inherited)",
					"@executable_path/Frameworks",
				);
				PRODUCT_BUNDLE_IDENTIFIER = com.DeveloperLuan.AppTest2;
				PRODUCT_NAME = "$(TARGET_NAME)";
				SWIFT_VERSION = 4.2;
				TARGETED_DEVICE_FAMILY = "1,2";
			};
			name = Debug;
		};
		0F442B5121F0BC00003A2A5A /* Release */ = {
			isa = XCBuildConfiguration;
			buildSettings = {
				ASSETCATALOG_COMPILER_APPICON_NAME = AppIcon;
				CODE_SIGN_STYLE = Automatic;
				DEVELOPMENT_TEAM = WT2HG38F5V;
				INFOPLIST_FILE = AppTest2/Info.plist;
				LD_RUNPATH_SEARCH_PATHS = (
					"$(inherited)",
					"@executable_path/Frameworks",
				);
				PRODUCT_BUNDLE_IDENTIFIER = com.DeveloperLuan.AppTest2;
				PRODUCT_NAME = "$(TARGET_NAME)";
				SWIFT_VERSION = 4.2;
				TARGETED_DEVICE_FAMILY = "1,2";
			};
			name = Release;
		};
		0F442B5321F0BC00003A2A5A /* Debug */ = {
			isa = XCBuildConfiguration;
			buildSettings = {
				ALWAYS_EMBED_SWIFT_STANDARD_LIBRARIES = YES;
				BUNDLE_LOADER = "$(TEST_HOST)";
				CODE_SIGN_STYLE = Automatic;
				DEVELOPMENT_TEAM = WT2HG38F5V;
				INFOPLIST_FILE = AppTest2Tests/Info.plist;
				LD_RUNPATH_SEARCH_PATHS = (
					"$(inherited)",
					"@executable_path/Frameworks",
					"@loader_path/Frameworks",
				);
				PRODUCT_BUNDLE_IDENTIFIER = com.DeveloperLuan.AppTest2Tests;
				PRODUCT_NAME = "$(TARGET_NAME)";
				SWIFT_VERSION = 4.2;
				TARGETED_DEVICE_FAMILY = "1,2";
				TEST_HOST = "$(BUILT_PRODUCTS_DIR)/AppTest2.app/AppTest2";
			};
			name = Debug;
		};
		0F442B5421F0BC00003A2A5A /* Release */ = {
			isa = XCBuildConfiguration;
			buildSettings = {
				ALWAYS_EMBED_SWIFT_STANDARD_LIBRARIES = YES;
				BUNDLE_LOADER = "$(TEST_HOST)";
				CODE_SIGN_STYLE = Automatic;
				DEVELOPMENT_TEAM = WT2HG38F5V;
				INFOPLIST_FILE = AppTest2Tests/Info.plist;
				LD_RUNPATH_SEARCH_PATHS = (
					"$(inherited)",
					"@executable_path/Frameworks",
					"@loader_path/Frameworks",
				);
				PRODUCT_BUNDLE_IDENTIFIER = com.DeveloperLuan.AppTest2Tests;
				PRODUCT_NAME = "$(TARGET_NAME)";
				SWIFT_VERSION = 4.2;
				TARGETED_DEVICE_FAMILY = "1,2";
				TEST_HOST = "$(BUILT_PRODUCTS_DIR)/AppTest2.app/AppTest2";
			};
			name = Release;
		};
		0F442B5621F0BC00003A2A5A /* Debug */ = {
			isa = XCBuildConfiguration;
			buildSettings = {
				ALWAYS_EMBED_SWIFT_STANDARD_LIBRARIES = YES;
				CODE_SIGN_STYLE = Automatic;
				DEVELOPMENT_TEAM = WT2HG38F5V;
				INFOPLIST_FILE = AppTest2UITests/Info.plist;
				LD_RUNPATH_SEARCH_PATHS = (
					"$(inherited)",
					"@executable_path/Frameworks",
					"@loader_path/Frameworks",
				);
				PRODUCT_BUNDLE_IDENTIFIER = com.DeveloperLuan.AppTest2UITests;
				PRODUCT_NAME = "$(TARGET_NAME)";
				SWIFT_VERSION = 4.2;
				TARGETED_DEVICE_FAMILY = "1,2";
				TEST_TARGET_NAME = AppTest2;
			};
			name = Debug;
		};
		0F442B5721F0BC00003A2A5A /* Release */ = {
			isa = XCBuildConfiguration;
			buildSettings = {
				ALWAYS_EMBED_SWIFT_STANDARD_LIBRARIES = YES;
				CODE_SIGN_STYLE = Automatic;
				DEVELOPMENT_TEAM = WT2HG38F5V;
				INFOPLIST_FILE = AppTest2UITests/Info.plist;
				LD_RUNPATH_SEARCH_PATHS = (
					"$(inherited)",
					"@executable_path/Frameworks",
					"@loader_path/Frameworks",
				);
				PRODUCT_BUNDLE_IDENTIFIER = com.DeveloperLuan.AppTest2UITests;
				PRODUCT_NAME = "$(TARGET_NAME)";
				SWIFT_VERSION = 4.2;
				TARGETED_DEVICE_FAMILY = "1,2";
				TEST_TARGET_NAME = AppTest2;
			};
			name = Release;
		};
/* End XCBuildConfiguration section */

/* Begin XCConfigurationList section */
		0F442B2221F0BBFF003A2A5A /* Build configuration list for PBXProject "AppTest2" */ = {
			isa = XCConfigurationList;
			buildConfigurations = (
				0F442B4D21F0BC00003A2A5A /* Debug */,
				0F442B4E21F0BC00003A2A5A /* Release */,
			);
			defaultConfigurationIsVisible = 0;
			defaultConfigurationName = Release;
		};
		0F442B4F21F0BC00003A2A5A /* Build configuration list for PBXNativeTarget "AppTest2" */ = {
			isa = XCConfigurationList;
			buildConfigurations = (
				0F442B5021F0BC00003A2A5A /* Debug */,
				0F442B5121F0BC00003A2A5A /* Release */,
			);
			defaultConfigurationIsVisible = 0;
			defaultConfigurationName = Release;
		};
		0F442B5221F0BC00003A2A5A /* Build configuration list for PBXNativeTarget "AppTest2Tests" */ = {
			isa = XCConfigurationList;
			buildConfigurations = (
				0F442B5321F0BC00003A2A5A /* Debug */,
				0F442B5421F0BC00003A2A5A /* Release */,
			);
			defaultConfigurationIsVisible = 0;
			defaultConfigurationName = Release;
		};
		0F442B5521F0BC00003A2A5A /* Build configuration list for PBXNativeTarget "AppTest2UITests" */ = {
			isa = XCConfigurationList;
			buildConfigurations = (
				0F442B5621F0BC00003A2A5A /* Debug */,
				0F442B5721F0BC00003A2A5A /* Release */,
			);
			defaultConfigurationIsVisible = 0;
			defaultConfigurationName = Release;
		};
/* End XCConfigurationList section */
	};
	rootObject = 0F442B1F21F0BBFF003A2A5A /* Project object */;
}
